<?xml version="1.0" encoding="utf-8"?>
<Project ToolsVersion="4.0" xmlns="http://schemas.microsoft.com/developer/msbuild/2003">
  <ItemGroup>
    <Filter Include="源文件">
      <UniqueIdentifier>{4FC737F1-C7A5-4376-A066-2A32D752A2FF}</UniqueIdentifier>
      <Extensions>cpp;c;cc;cxx;c++;cppm;ixx;def;odl;idl;hpj;bat;asm;asmx</Extensions>
    </Filter>
    <Filter Include="头文件">
      <UniqueIdentifier>{93995380-89BD-4b04-88EB-625FBE52EBFB}</UniqueIdentifier>
      <Extensions>h;hh;hpp;hxx;h++;hm;inl;inc;ipp;xsd</Extensions>
    </Filter>
    <Filter Include="资源文件">
      <UniqueIdentifier>{67DA6AB6-F800-4c08-8B7A-83BB121AAD01}</UniqueIdentifier>
      <Extensions>rc;ico;cur;bmp;dlg;rc2;rct;bin;rgs;gif;jpg;jpeg;jpe;resx;tiff;tif;png;wav;mfcribbon-ms</Extensions>
    </Filter>
    <Filter Include="src">
      <UniqueIdentifier>{5efd83a1-5a45-4069-85bc-001b112593f0}</UniqueIdentifier>
    </Filter>
    <Filter Include="src\SirenRender">
      <UniqueIdentifier>{1bae69b4-cacb-473c-aed6-27291553b6ef}</UniqueIdentifier>
    </Filter>
    <Filter Include="src\SirenRender\Events">
      <UniqueIdentifier>{0d0cdbc5-5182-45ca-949c-3a6b3f20b7df}</UniqueIdentifier>
    </Filter>
    <Filter Include="src\SirenRender\Core">
      <UniqueIdentifier>{45dac3c6-010e-46ba-8788-54d9b9e0549d}</UniqueIdentifier>
    </Filter>
  </ItemGroup>
  <ItemGroup>
    <ClInclude Include="src\SirenRender.h">
      <Filter>src</Filter>
    </ClInclude>
    <ClInclude Include="src\SirenRender\Application.h">
      <Filter>src\SirenRender</Filter>
    </ClInclude>
    <ClInclude Include="src\SirenRender\Core.h">
      <Filter>src\SirenRender</Filter>
    </ClInclude>
    <ClInclude Include="src\SirenRender\EntryPoint.h">
      <Filter>src\SirenRender</Filter>
    </ClInclude>
    <ClInclude Include="src\SirenRender\Log.h">
      <Filter>src\SirenRender</Filter>
    </ClInclude>
    <ClInclude Include="src\SirenRender\Events\Event.h">
      <Filter>src\SirenRender\Events</Filter>
    </ClInclude>
    <ClInclude Include="src\SirenRender\Events\KeyEvent.h">
      <Filter>src\SirenRender\Events</Filter>
    </ClInclude>
    <ClInclude Include="src\SirenRender\Core\KeyCode.h">
      <Filter>src\SirenRender\Core</Filter>
    </ClInclude>
  </ItemGroup>
  <ItemGroup>
    <ClCompile Include="src\SirenRender\Application.cpp">
      <Filter>src\SirenRender</Filter>
    </ClCompile>
    <ClCompile Include="src\SirenRender\Log.cpp">
      <Filter>src\SirenRender</Filter>
    </ClCompile>
  </ItemGroup>
</Project>